
Microsoft Visual Studio Solution File, Format Version 12.00
# Visual Studio 15
VisualStudioVersion = 15.0.26124.0
MinimumVisualStudioVersion = 15.0.26124.0
Project("{FAE04EC0-301F-11D3-BF4B-00C04F79EFBC}") = "abstract-factory", "abstract-factory\abstract-factory.csproj", "{AADE6D3C-1CE8-4782-A796-166BF78831D7}"
EndProject
Project("{FAE04EC0-301F-11D3-BF4B-00C04F79EFBC}") = "factory", "factory\factory.csproj", "{7761A602-417F-4CBE-8A7C-985D304CE37A}"
EndProject
Project("{FAE04EC0-301F-11D3-BF4B-00C04F79EFBC}") = "builder", "builder\builder.csproj", "{D927BB82-E6B7-446A-B6AA-CB7C227CA1B4}"
EndProject
Project("{FAE04EC0-301F-11D3-BF4B-00C04F79EFBC}") = "prototype", "prototype\prototype.csproj", "{73B55B24-4086-40BB-ABA4-43DBD913ADC1}"
EndProject
Global
	GlobalSection(SolutionConfigurationPlatforms) = preSolution
		Debug|Any CPU = Debug|Any CPU
		Debug|x64 = Debug|x64
		Debug|x86 = Debug|x86
		Release|Any CPU = Release|Any CPU
		Release|x64 = Release|x64
		Release|x86 = Release|x86
	EndGlobalSection
	GlobalSection(SolutionProperties) = preSolution
		HideSolutionNode = FALSE
	EndGlobalSection
	GlobalSection(ProjectConfigurationPlatforms) = postSolution
		{AADE6D3C-1CE8-4782-A796-166BF78831D7}.Debug|Any CPU.ActiveCfg = Debug|Any CPU
		{AADE6D3C-1CE8-4782-A796-166BF78831D7}.Debug|Any CPU.Build.0 = Debug|Any CPU
		{AADE6D3C-1CE8-4782-A796-166BF78831D7}.Debug|x64.ActiveCfg = Debug|Any CPU
		{AADE6D3C-1CE8-4782-A796-166BF78831D7}.Debug|x64.Build.0 = Debug|Any CPU
		{AADE6D3C-1CE8-4782-A796-166BF78831D7}.Debug|x86.ActiveCfg = Debug|Any CPU
		{AADE6D3C-1CE8-4782-A796-166BF78831D7}.Debug|x86.Build.0 = Debug|Any CPU
		{AADE6D3C-1CE8-4782-A796-166BF78831D7}.Release|Any CPU.ActiveCfg = Release|Any CPU
		{AADE6D3C-1CE8-4782-A796-166BF78831D7}.Release|Any CPU.Build.0 = Release|Any CPU
		{AADE6D3C-1CE8-4782-A796-166BF78831D7}.Release|x64.ActiveCfg = Release|Any CPU
		{AADE6D3C-1CE8-4782-A796-166BF78831D7}.Release|x64.Build.0 = Release|Any CPU
		{AADE6D3C-1CE8-4782-A796-166BF78831D7}.Release|x86.ActiveCfg = Release|Any CPU
		{AADE6D3C-1CE8-4782-A796-166BF78831D7}.Release|x86.Build.0 = Release|Any CPU
		{7761A602-417F-4CBE-8A7C-985D304CE37A}.Debug|Any CPU.ActiveCfg = Debug|Any CPU
		{7761A602-417F-4CBE-8A7C-985D304CE37A}.Debug|Any CPU.Build.0 = Debug|Any CPU
		{7761A602-417F-4CBE-8A7C-985D304CE37A}.Debug|x64.ActiveCfg = Debug|Any CPU
		{7761A602-417F-4CBE-8A7C-985D304CE37A}.Debug|x64.Build.0 = Debug|Any CPU
		{7761A602-417F-4CBE-8A7C-985D304CE37A}.Debug|x86.ActiveCfg = Debug|Any CPU
		{7761A602-417F-4CBE-8A7C-985D304CE37A}.Debug|x86.Build.0 = Debug|Any CPU
		{7761A602-417F-4CBE-8A7C-985D304CE37A}.Release|Any CPU.ActiveCfg = Release|Any CPU
		{7761A602-417F-4CBE-8A7C-985D304CE37A}.Release|Any CPU.Build.0 = Release|Any CPU
		{7761A602-417F-4CBE-8A7C-985D304CE37A}.Release|x64.ActiveCfg = Release|Any CPU
		{7761A602-417F-4CBE-8A7C-985D304CE37A}.Release|x64.Build.0 = Release|Any CPU
		{7761A602-417F-4CBE-8A7C-985D304CE37A}.Release|x86.ActiveCfg = Release|Any CPU
		{7761A602-417F-4CBE-8A7C-985D304CE37A}.Release|x86.Build.0 = Release|Any CPU
		{D927BB82-E6B7-446A-B6AA-CB7C227CA1B4}.Debug|Any CPU.ActiveCfg = Debug|Any CPU
		{D927BB82-E6B7-446A-B6AA-CB7C227CA1B4}.Debug|Any CPU.Build.0 = Debug|Any CPU
		{D927BB82-E6B7-446A-B6AA-CB7C227CA1B4}.Debug|x64.ActiveCfg = Debug|Any CPU
		{D927BB82-E6B7-446A-B6AA-CB7C227CA1B4}.Debug|x64.Build.0 = Debug|Any CPU
		{D927BB82-E6B7-446A-B6AA-CB7C227CA1B4}.Debug|x86.ActiveCfg = Debug|Any CPU
		{D927BB82-E6B7-446A-B6AA-CB7C227CA1B4}.Debug|x86.Build.0 = Debug|Any CPU
		{D927BB82-E6B7-446A-B6AA-CB7C227CA1B4}.Release|Any CPU.ActiveCfg = Release|Any CPU
		{D927BB82-E6B7-446A-B6AA-CB7C227CA1B4}.Release|Any CPU.Build.0 = Release|Any CPU
		{D927BB82-E6B7-446A-B6AA-CB7C227CA1B4}.Release|x64.ActiveCfg = Release|Any CPU
		{D927BB82-E6B7-446A-B6AA-CB7C227CA1B4}.Release|x64.Build.0 = Release|Any CPU
		{D927BB82-E6B7-446A-B6AA-CB7C227CA1B4}.Release|x86.ActiveCfg = Release|Any CPU
		{D927BB82-E6B7-446A-B6AA-CB7C227CA1B4}.Release|x86.Build.0 = Release|Any CPU
		{73B55B24-4086-40BB-ABA4-43DBD913ADC1}.Debug|Any CPU.ActiveCfg = Debug|Any CPU
		{73B55B24-4086-40BB-ABA4-43DBD913ADC1}.Debug|Any CPU.Build.0 = Debug|Any CPU
		{73B55B24-4086-40BB-ABA4-43DBD913ADC1}.Debug|x64.ActiveCfg = Debug|Any CPU
		{73B55B24-4086-40BB-ABA4-43DBD913ADC1}.Debug|x64.Build.0 = Debug|Any CPU
		{73B55B24-4086-40BB-ABA4-43DBD913ADC1}.Debug|x86.ActiveCfg = Debug|Any CPU
		{73B55B24-4086-40BB-ABA4-43DBD913ADC1}.Debug|x86.Build.0 = Debug|Any CPU
		{73B55B24-4086-40BB-ABA4-43DBD913ADC1}.Release|Any CPU.ActiveCfg = Release|Any CPU
		{73B55B24-4086-40BB-ABA4-43DBD913ADC1}.Release|Any CPU.Build.0 = Release|Any CPU
		{73B55B24-4086-40BB-ABA4-43DBD913ADC1}.Release|x64.ActiveCfg = Release|Any CPU
		{73B55B24-4086-40BB-ABA4-43DBD913ADC1}.Release|x64.Build.0 = Release|Any CPU
		{73B55B24-4086-40BB-ABA4-43DBD913ADC1}.Release|x86.ActiveCfg = Release|Any CPU
		{73B55B24-4086-40BB-ABA4-43DBD913ADC1}.Release|x86.Build.0 = Release|Any CPU
	EndGlobalSection
EndGlobal
